{
  "name": "md-dev-studio-cli",
  "version": "1.0.0",
  "lockfileVersion": 3,
  "requires": true,
  "packages": {
    "": {
      "name": "md-dev-studio-cli",
      "version": "1.0.0",
      "bin": {
        "mdstudio": "run.js"
      },
      "engines": {
        "node": ">=18.0.0"
      }
    }
  }
}
